// !$*UTF8*$!
{
	archiveVersion = 1;
	classes = {
	};
	objectVersion = 48;
	objects = {

/* Begin PBXBuildFile section */
		BA36CC1B1FAA2F4600AAF368 /* down_button.png in Resources */ = {isa = PBXBuildFile; fileRef = BA36CC1A1FAA2F4600AAF368 /* down_button.png */; };
		BA36CC1D1FAA2F4B00AAF368 /* up_button.png in Resources */ = {isa = PBXBuildFile; fileRef = BA36CC1C1FAA2F4A00AAF368 /* up_button.png */; };
		BA36CC1F1FAA2F5000AAF368 /* back.png in Resources */ = {isa = PBXBuildFile; fileRef = BA36CC1E1FAA2F4F00AAF368 /* back.png */; };
		BA3CE63C1FA7CF4300B192D5 /* ChannelViewController.swift in Sources */ = {isa = PBXBuildFile; fileRef = BA3CE63B1FA7CF4300B192D5 /* ChannelViewController.swift */; };
		BA54AA771FA0F7CF002398B7 /* AppDelegate.swift in Sources */ = {isa = PBXBuildFile; fileRef = BA54AA761FA0F7CF002398B7 /* AppDelegate.swift */; };
		BA54AA791FA0F7CF002398B7 /* ViewController.swift in Sources */ = {isa = PBXBuildFile; fileRef = BA54AA781FA0F7CF002398B7 /* ViewController.swift */; };
		BA54AA7C1FA0F7CF002398B7 /* Main.storyboard in Resources */ = {isa = PBXBuildFile; fileRef = BA54AA7A1FA0F7CF002398B7 /* Main.storyboard */; };
		BA54AA7E1FA0F7CF002398B7 /* Assets.xcassets in Resources */ = {isa = PBXBuildFile; fileRef = BA54AA7D1FA0F7CF002398B7 /* Assets.xcassets */; };
		BA54AA811FA0F7CF002398B7 /* LaunchScreen.storyboard in Resources */ = {isa = PBXBuildFile; fileRef = BA54AA7F1FA0F7CF002398B7 /* LaunchScreen.storyboard */; };
		BA54AA8C1FA0F7CF002398B7 /* Team_Dave_Remote_Control_App_v2_0Tests.swift in Sources */ = {isa = PBXBuildFile; fileRef = BA54AA8B1FA0F7CF002398B7 /* Team_Dave_Remote_Control_App_v2_0Tests.swift */; };
		BA54AA971FA0F7CF002398B7 /* Team_Dave_Remote_Control_App_v2_0UITests.swift in Sources */ = {isa = PBXBuildFile; fileRef = BA54AA961FA0F7CF002398B7 /* Team_Dave_Remote_Control_App_v2_0UITests.swift */; };
		C0D317121FA65CBF00462773 /* on_off.png in Resources */ = {isa = PBXBuildFile; fileRef = C0D317111FA65CBF00462773 /* on_off.png */; };
		C0D317141FA696F300462773 /* ChangePresetVCViewController.swift in Sources */ = {isa = PBXBuildFile; fileRef = C0D317131FA696F300462773 /* ChangePresetVCViewController.swift */; };
		C0DA26261FBCA8B80068E1F0 /* APIManager.swift in Sources */ = {isa = PBXBuildFile; fileRef = C0DA26251FBCA8B80068E1F0 /* APIManager.swift */; };
		C0DA26281FBE113E0068E1F0 /* min_track.png in Resources */ = {isa = PBXBuildFile; fileRef = C0DA26271FBE113E0068E1F0 /* min_track.png */; };
		C0DA262A1FBE114F0068E1F0 /* max_track.png in Resources */ = {isa = PBXBuildFile; fileRef = C0DA26291FBE114F0068E1F0 /* max_track.png */; };
/* End PBXBuildFile section */

/* Begin PBXContainerItemProxy section */
		BA54AA881FA0F7CF002398B7 /* PBXContainerItemProxy */ = {
			isa = PBXContainerItemProxy;
			containerPortal = BA54AA6B1FA0F7CF002398B7 /* Project object */;
			proxyType = 1;
			remoteGlobalIDString = BA54AA721FA0F7CF002398B7;
			remoteInfo = Team_Dave_Remote_Control_App_v2.0;
		};
		BA54AA931FA0F7CF002398B7 /* PBXContainerItemProxy */ = {
			isa = PBXContainerItemProxy;
			containerPortal = BA54AA6B1FA0F7CF002398B7 /* Project object */;
			proxyType = 1;
			remoteGlobalIDString = BA54AA721FA0F7CF002398B7;
			remoteInfo = Team_Dave_Remote_Control_App_v2.0;
		};
/* End PBXContainerItemProxy section */

/* Begin PBXFileReference section */
		BA36CC1A1FAA2F4600AAF368 /* down_button.png */ = {isa = PBXFileReference; lastKnownFileType = image.png; path = down_button.png; sourceTree = "<group>"; };
		BA36CC1C1FAA2F4A00AAF368 /* up_button.png */ = {isa = PBXFileReference; lastKnownFileType = image.png; path = up_button.png; sourceTree = "<group>"; };
		BA36CC1E1FAA2F4F00AAF368 /* back.png */ = {isa = PBXFileReference; lastKnownFileType = image.png; path = back.png; sourceTree = "<group>"; };
		BA3CE63B1FA7CF4300B192D5 /* ChannelViewController.swift */ = {isa = PBXFileReference; lastKnownFileType = sourcecode.swift; path = ChannelViewController.swift; sourceTree = "<group>"; };
		BA54AA731FA0F7CF002398B7 /* Team_Dave_Remote_Control_App_v2.0.app */ = {isa = PBXFileReference; explicitFileType = wrapper.application; includeInIndex = 0; path = Team_Dave_Remote_Control_App_v2.0.app; sourceTree = BUILT_PRODUCTS_DIR; };
		BA54AA761FA0F7CF002398B7 /* AppDelegate.swift */ = {isa = PBXFileReference; lastKnownFileType = sourcecode.swift; path = AppDelegate.swift; sourceTree = "<group>"; };
		BA54AA781FA0F7CF002398B7 /* ViewController.swift */ = {isa = PBXFileReference; lastKnownFileType = sourcecode.swift; path = ViewController.swift; sourceTree = "<group>"; };
		BA54AA7B1FA0F7CF002398B7 /* Base */ = {isa = PBXFileReference; lastKnownFileType = file.storyboard; name = Base; path = Base.lproj/Main.storyboard; sourceTree = "<group>"; };
		BA54AA7D1FA0F7CF002398B7 /* Assets.xcassets */ = {isa = PBXFileReference; lastKnownFileType = folder.assetcatalog; path = Assets.xcassets; sourceTree = "<group>"; };
		BA54AA801FA0F7CF002398B7 /* Base */ = {isa = PBXFileReference; lastKnownFileType = file.storyboard; name = Base; path = Base.lproj/LaunchScreen.storyboard; sourceTree = "<group>"; };
		BA54AA821FA0F7CF002398B7 /* Info.plist */ = {isa = PBXFileReference; lastKnownFileType = text.plist.xml; path = Info.plist; sourceTree = "<group>"; };
		BA54AA871FA0F7CF002398B7 /* Team_Dave_Remote_Control_App_v2.0Tests.xctest */ = {isa = PBXFileReference; explicitFileType = wrapper.cfbundle; includeInIndex = 0; path = Team_Dave_Remote_Control_App_v2.0Tests.xctest; sourceTree = BUILT_PRODUCTS_DIR; };
		BA54AA8B1FA0F7CF002398B7 /* Team_Dave_Remote_Control_App_v2_0Tests.swift */ = {isa = PBXFileReference; lastKnownFileType = sourcecode.swift; path = Team_Dave_Remote_Control_App_v2_0Tests.swift; sourceTree = "<group>"; };
		BA54AA8D1FA0F7CF002398B7 /* Info.plist */ = {isa = PBXFileReference; lastKnownFileType = text.plist.xml; path = Info.plist; sourceTree = "<group>"; };
		BA54AA921FA0F7CF002398B7 /* Team_Dave_Remote_Control_App_v2.0UITests.xctest */ = {isa = PBXFileReference; explicitFileType = wrapper.cfbundle; includeInIndex = 0; path = Team_Dave_Remote_Control_App_v2.0UITests.xctest; sourceTree = BUILT_PRODUCTS_DIR; };
		BA54AA961FA0F7CF002398B7 /* Team_Dave_Remote_Control_App_v2_0UITests.swift */ = {isa = PBXFileReference; lastKnownFileType = sourcecode.swift; path = Team_Dave_Remote_Control_App_v2_0UITests.swift; sourceTree = "<group>"; };
		BA54AA981FA0F7CF002398B7 /* Info.plist */ = {isa = PBXFileReference; lastKnownFileType = text.plist.xml; path = Info.plist; sourceTree = "<group>"; };
		C0D317111FA65CBF00462773 /* on_off.png */ = {isa = PBXFileReference; lastKnownFileType = image.png; path = on_off.png; sourceTree = "<group>"; };
		C0D317131FA696F300462773 /* ChangePresetVCViewController.swift */ = {isa = PBXFileReference; lastKnownFileType = sourcecode.swift; path = ChangePresetVCViewController.swift; sourceTree = "<group>"; };
		C0DA26251FBCA8B80068E1F0 /* APIManager.swift */ = {isa = PBXFileReference; lastKnownFileType = sourcecode.swift; path = APIManager.swift; sourceTree = "<group>"; };
		C0DA26271FBE113E0068E1F0 /* min_track.png */ = {isa = PBXFileReference; lastKnownFileType = image.png; name = min_track.png; path = ../../../../../Downloads/min_track.png; sourceTree = "<group>"; };
		C0DA26291FBE114F0068E1F0 /* max_track.png */ = {isa = PBXFileReference; lastKnownFileType = image.png; name = max_track.png; path = ../../../../../Downloads/max_track.png; sourceTree = "<group>"; };
/* End PBXFileReference section */

/* Begin PBXFrameworksBuildPhase section */
		BA54AA701FA0F7CF002398B7 /* Frameworks */ = {
			isa = PBXFrameworksBuildPhase;
			buildActionMask = 2147483647;
			files = (
			);
			runOnlyForDeploymentPostprocessing = 0;
		};
		BA54AA841FA0F7CF002398B7 /* Frameworks */ = {
			isa = PBXFrameworksBuildPhase;
			buildActionMask = 2147483647;
			files = (
			);
			runOnlyForDeploymentPostprocessing = 0;
		};
		BA54AA8F1FA0F7CF002398B7 /* Frameworks */ = {
			isa = PBXFrameworksBuildPhase;
			buildActionMask = 2147483647;
			files = (
			);
			runOnlyForDeploymentPostprocessing = 0;
		};
/* End PBXFrameworksBuildPhase section */

/* Begin PBXGroup section */
		BA54AA6A1FA0F7CF002398B7 = {
			isa = PBXGroup;
			children = (
				BA54AA751FA0F7CF002398B7 /* Team_Dave_Remote_Control_App_v2.0 */,
				BA54AA8A1FA0F7CF002398B7 /* Team_Dave_Remote_Control_App_v2.0Tests */,
				BA54AA951FA0F7CF002398B7 /* Team_Dave_Remote_Control_App_v2.0UITests */,
				BA54AA741FA0F7CF002398B7 /* Products */,
			);
			sourceTree = "<group>";
		};
		BA54AA741FA0F7CF002398B7 /* Products */ = {
			isa = PBXGroup;
			children = (
				BA54AA731FA0F7CF002398B7 /* Team_Dave_Remote_Control_App_v2.0.app */,
				BA54AA871FA0F7CF002398B7 /* Team_Dave_Remote_Control_App_v2.0Tests.xctest */,
				BA54AA921FA0F7CF002398B7 /* Team_Dave_Remote_Control_App_v2.0UITests.xctest */,
			);
			name = Products;
			sourceTree = "<group>";
		};
		BA54AA751FA0F7CF002398B7 /* Team_Dave_Remote_Control_App_v2.0 */ = {
			isa = PBXGroup;
			children = (
				C0DA26291FBE114F0068E1F0 /* max_track.png */,
				C0DA26271FBE113E0068E1F0 /* min_track.png */,
				BA36CC1E1FAA2F4F00AAF368 /* back.png */,
				BA36CC1C1FAA2F4A00AAF368 /* up_button.png */,
				BA36CC1A1FAA2F4600AAF368 /* down_button.png */,
				C0D317111FA65CBF00462773 /* on_off.png */,
				BA54AA761FA0F7CF002398B7 /* AppDelegate.swift */,
				BA54AA781FA0F7CF002398B7 /* ViewController.swift */,
				C0D317131FA696F300462773 /* ChangePresetVCViewController.swift */,
				BA3CE63B1FA7CF4300B192D5 /* ChannelViewController.swift */,
				BA54AA7A1FA0F7CF002398B7 /* Main.storyboard */,
				C0DA26251FBCA8B80068E1F0 /* APIManager.swift */,
				BA54AA7D1FA0F7CF002398B7 /* Assets.xcassets */,
				BA54AA7F1FA0F7CF002398B7 /* LaunchScreen.storyboard */,
				BA54AA821FA0F7CF002398B7 /* Info.plist */,
			);
			path = Team_Dave_Remote_Control_App_v2.0;
			sourceTree = "<group>";
		};
		BA54AA8A1FA0F7CF002398B7 /* Team_Dave_Remote_Control_App_v2.0Tests */ = {
			isa = PBXGroup;
			children = (
				BA54AA8B1FA0F7CF002398B7 /* Team_Dave_Remote_Control_App_v2_0Tests.swift */,
				BA54AA8D1FA0F7CF002398B7 /* Info.plist */,
			);
			path = Team_Dave_Remote_Control_App_v2.0Tests;
			sourceTree = "<group>";
		};
		BA54AA951FA0F7CF002398B7 /* Team_Dave_Remote_Control_App_v2.0UITests */ = {
			isa = PBXGroup;
			children = (
				BA54AA961FA0F7CF002398B7 /* Team_Dave_Remote_Control_App_v2_0UITests.swift */,
				BA54AA981FA0F7CF002398B7 /* Info.plist */,
			);
			path = Team_Dave_Remote_Control_App_v2.0UITests;
			sourceTree = "<group>";
		};
/* End PBXGroup section */

/* Begin PBXNativeTarget section */
		BA54AA721FA0F7CF002398B7 /* Team_Dave_Remote_Control_App_v2.0 */ = {
			isa = PBXNativeTarget;
			buildConfigurationList = BA54AA9B1FA0F7CF002398B7 /* Build configuration list for PBXNativeTarget "Team_Dave_Remote_Control_App_v2.0" */;
			buildPhases = (
				BA54AA6F1FA0F7CF002398B7 /* Sources */,
				BA54AA701FA0F7CF002398B7 /* Frameworks */,
				BA54AA711FA0F7CF002398B7 /* Resources */,
			);
			buildRules = (
			);
			dependencies = (
			);
			name = Team_Dave_Remote_Control_App_v2.0;
			productName = Team_Dave_Remote_Control_App_v2.0;
			productReference = BA54AA731FA0F7CF002398B7 /* Team_Dave_Remote_Control_App_v2.0.app */;
			productType = "com.apple.product-type.application";
		};
		BA54AA861FA0F7CF002398B7 /* Team_Dave_Remote_Control_App_v2.0Tests */ = {
			isa = PBXNativeTarget;
			buildConfigurationList = BA54AA9E1FA0F7CF002398B7 /* Build configuration list for PBXNativeTarget "Team_Dave_Remote_Control_App_v2.0Tests" */;
			buildPhases = (
				BA54AA831FA0F7CF002398B7 /* Sources */,
				BA54AA841FA0F7CF002398B7 /* Frameworks */,
				BA54AA851FA0F7CF002398B7 /* Resources */,
			);
			buildRules = (
			);
			dependencies = (
				BA54AA891FA0F7CF002398B7 /* PBXTargetDependency */,
			);
			name = Team_Dave_Remote_Control_App_v2.0Tests;
			productName = Team_Dave_Remote_Control_App_v2.0Tests;
			productReference = BA54AA871FA0F7CF002398B7 /* Team_Dave_Remote_Control_App_v2.0Tests.xctest */;
			productType = "com.apple.product-type.bundle.unit-test";
		};
		BA54AA911FA0F7CF002398B7 /* Team_Dave_Remote_Control_App_v2.0UITests */ = {
			isa = PBXNativeTarget;
			buildConfigurationList = BA54AAA11FA0F7CF002398B7 /* Build configuration list for PBXNativeTarget "Team_Dave_Remote_Control_App_v2.0UITests" */;
			buildPhases = (
				BA54AA8E1FA0F7CF002398B7 /* Sources */,
				BA54AA8F1FA0F7CF002398B7 /* Frameworks */,
				BA54AA901FA0F7CF002398B7 /* Resources */,
			);
			buildRules = (
			);
			dependencies = (
				BA54AA941FA0F7CF002398B7 /* PBXTargetDependency */,
			);
			name = Team_Dave_Remote_Control_App_v2.0UITests;
			productName = Team_Dave_Remote_Control_App_v2.0UITests;
			productReference = BA54AA921FA0F7CF002398B7 /* Team_Dave_Remote_Control_App_v2.0UITests.xctest */;
			productType = "com.apple.product-type.bundle.ui-testing";
		};
/* End PBXNativeTarget section */

/* Begin PBXProject section */
		BA54AA6B1FA0F7CF002398B7 /* Project object */ = {
			isa = PBXProject;
			attributes = {
				LastSwiftUpdateCheck = 0900;
				LastUpgradeCheck = 0900;
				ORGANIZATIONNAME = "Shang-Yun Wu";
				TargetAttributes = {
					BA54AA721FA0F7CF002398B7 = {
						CreatedOnToolsVersion = 9.0.1;
						ProvisioningStyle = Automatic;
					};
					BA54AA861FA0F7CF002398B7 = {
						CreatedOnToolsVersion = 9.0.1;
						ProvisioningStyle = Automatic;
						TestTargetID = BA54AA721FA0F7CF002398B7;
					};
					BA54AA911FA0F7CF002398B7 = {
						CreatedOnToolsVersion = 9.0.1;
						ProvisioningStyle = Automatic;
						TestTargetID = BA54AA721FA0F7CF002398B7;
					};
				};
			};
			buildConfigurationList = BA54AA6E1FA0F7CF002398B7 /* Build configuration list for PBXProject "Team_Dave_Remote_Control_App_v2.0" */;
			compatibilityVersion = "Xcode 8.0";
			developmentRegion = en;
			hasScannedForEncodings = 0;
			knownRegions = (
				en,
				Base,
			);
			mainGroup = BA54AA6A1FA0F7CF002398B7;
			productRefGroup = BA54AA741FA0F7CF002398B7 /* Products */;
			projectDirPath = "";
			projectRoot = "";
			targets = (
				BA54AA721FA0F7CF002398B7 /* Team_Dave_Remote_Control_App_v2.0 */,
				BA54AA861FA0F7CF002398B7 /* Team_Dave_Remote_Control_App_v2.0Tests */,
				BA54AA911FA0F7CF002398B7 /* Team_Dave_Remote_Control_App_v2.0UITests */,
			);
		};
/* End PBXProject section */

/* Begin PBXResourcesBuildPhase section */
		BA54AA711FA0F7CF002398B7 /* Resources */ = {
			isa = PBXResourcesBuildPhase;
			buildActionMask = 2147483647;
			files = (
				C0DA26281FBE113E0068E1F0 /* min_track.png in Resources */,
				BA36CC1D1FAA2F4B00AAF368 /* up_button.png in Resources */,
				C0D317121FA65CBF00462773 /* on_off.png in Resources */,
				BA54AA811FA0F7CF002398B7 /* LaunchScreen.storyboard in Resources */,
				BA36CC1F1FAA2F5000AAF368 /* back.png in Resources */,
				BA36CC1B1FAA2F4600AAF368 /* down_button.png in Resources */,
				C0DA262A1FBE114F0068E1F0 /* max_track.png in Resources */,
				BA54AA7E1FA0F7CF002398B7 /* Assets.xcassets in Resources */,
				BA54AA7C1FA0F7CF002398B7 /* Main.storyboard in Resources */,
			);
			runOnlyForDeploymentPostprocessing = 0;
		};
		BA54AA851FA0F7CF002398B7 /* Resources */ = {
			isa = PBXResourcesBuildPhase;
			buildActionMask = 2147483647;
			files = (
			);
			runOnlyForDeploymentPostprocessing = 0;
		};
		BA54AA901FA0F7CF002398B7 /* Resources */ = {
			isa = PBXResourcesBuildPhase;
			buildActionMask = 2147483647;
			files = (
			);
			runOnlyForDeploymentPostprocessing = 0;
		};
/* End PBXResourcesBuildPhase section */

/* Begin PBXSourcesBuildPhase section */
		BA54AA6F1FA0F7CF002398B7 /* Sources */ = {
			isa = PBXSourcesBuildPhase;
			buildActionMask = 2147483647;
			files = (
				C0DA26261FBCA8B80068E1F0 /* APIManager.swift in Sources */,
				C0D317141FA696F300462773 /* ChangePresetVCViewController.swift in Sources */,
				BA54AA791FA0F7CF002398B7 /* ViewController.swift in Sources */,
				BA3CE63C1FA7CF4300B192D5 /* ChannelViewController.swift in Sources */,
				BA54AA771FA0F7CF002398B7 /* AppDelegate.swift in Sources */,
			);
			runOnlyForDeploymentPostprocessing = 0;
		};
		BA54AA831FA0F7CF002398B7 /* Sources */ = {
			isa = PBXSourcesBuildPhase;
			buildActionMask = 2147483647;
			files = (
				BA54AA8C1FA0F7CF002398B7 /* Team_Dave_Remote_Control_App_v2_0Tests.swift in Sources */,
			);
			runOnlyForDeploymentPostprocessing = 0;
		};
		BA54AA8E1FA0F7CF002398B7 /* Sources */ = {
			isa = PBXSourcesBuildPhase;
			buildActionMask = 2147483647;
			files = (
				BA54AA971FA0F7CF002398B7 /* Team_Dave_Remote_Control_App_v2_0UITests.swift in Sources */,
			);
			runOnlyForDeploymentPostprocessing = 0;
		};
/* End PBXSourcesBuildPhase section */

/* Begin PBXTargetDependency section */
		BA54AA891FA0F7CF002398B7 /* PBXTargetDependency */ = {
			isa = PBXTargetDependency;
			target = BA54AA721FA0F7CF002398B7 /* Team_Dave_Remote_Control_App_v2.0 */;
			targetProxy = BA54AA881FA0F7CF002398B7 /* PBXContainerItemProxy */;
		};
		BA54AA941FA0F7CF002398B7 /* PBXTargetDependency */ = {
			isa = PBXTargetDependency;
			target = BA54AA721FA0F7CF002398B7 /* Team_Dave_Remote_Control_App_v2.0 */;
			targetProxy = BA54AA931FA0F7CF002398B7 /* PBXContainerItemProxy */;
		};
/* End PBXTargetDependency section */

/* Begin PBXVariantGroup section */
		BA54AA7A1FA0F7CF002398B7 /* Main.storyboard */ = {
			isa = PBXVariantGroup;
			children = (
				BA54AA7B1FA0F7CF002398B7 /* Base */,
			);
			name = Main.storyboard;
			sourceTree = "<group>";
		};
		BA54AA7F1FA0F7CF002398B7 /* LaunchScreen.storyboard */ = {
			isa = PBXVariantGroup;
			children = (
				BA54AA801FA0F7CF002398B7 /* Base */,
			);
			name = LaunchScreen.storyboard;
			sourceTree = "<group>";
		};
/* End PBXVariantGroup section */

/* Begin XCBuildConfiguration section */
		BA54AA991FA0F7CF002398B7 /* Debug */ = {
			isa = XCBuildConfiguration;
			buildSettings = {
				ALWAYS_SEARCH_USER_PATHS = NO;
				CLANG_ANALYZER_NONNULL = YES;
				CLANG_ANALYZER_NUMBER_OBJECT_CONVERSION = YES_AGGRESSIVE;
				CLANG_CXX_LANGUAGE_STANDARD = "gnu++14";
				CLANG_CXX_LIBRARY = "libc++";
				CLANG_ENABLE_MODULES = YES;
				CLANG_ENABLE_OBJC_ARC = YES;
				CLANG_WARN_BLOCK_CAPTURE_AUTORELEASING = YES;
				CLANG_WARN_BOOL_CONVERSION = YES;
				CLANG_WARN_COMMA = YES;
				CLANG_WARN_CONSTANT_CONVERSION = YES;
				CLANG_WARN_DIRECT_OBJC_ISA_USAGE = YES_ERROR;
				CLANG_WARN_DOCUMENTATION_COMMENTS = YES;
				CLANG_WARN_EMPTY_BODY = YES;
				CLANG_WARN_ENUM_CONVERSION = YES;
				CLANG_WARN_INFINITE_RECURSION = YES;
				CLANG_WARN_INT_CONVERSION = YES;
				CLANG_WARN_NON_LITERAL_NULL_CONVERSION = YES;
				CLANG_WARN_OBJC_LITERAL_CONVERSION = YES;
				CLANG_WARN_OBJC_ROOT_CLASS = YES_ERROR;
				CLANG_WARN_RANGE_LOOP_ANALYSIS = YES;
				CLANG_WARN_STRICT_PROTOTYPES = YES;
				CLANG_WARN_SUSPICIOUS_MOVE = YES;
				CLANG_WARN_UNGUARDED_AVAILABILITY = YES_AGGRESSIVE;
				CLANG_WARN_UNREACHABLE_CODE = YES;
				CLANG_WARN__DUPLICATE_METHOD_MATCH = YES;
				CODE_SIGN_IDENTITY = "iPhone Developer";
				COPY_PHASE_STRIP = NO;
				DEBUG_INFORMATION_FORMAT = dwarf;
				ENABLE_STRICT_OBJC_MSGSEND = YES;
				ENABLE_TESTABILITY = YES;
				GCC_C_LANGUAGE_STANDARD = gnu11;
				GCC_DYNAMIC_NO_PIC = NO;
				GCC_NO_COMMON_BLOCKS = YES;
				GCC_OPTIMIZATION_LEVEL = 0;
				GCC_PREPROCESSOR_DEFINITIONS = (
					"DEBUG=1",
					"$(inherited)",
				);
				GCC_WARN_64_TO_32_BIT_CONVERSION = YES;
				GCC_WARN_ABOUT_RETURN_TYPE = YES_ERROR;
				GCC_WARN_UNDECLARED_SELECTOR = YES;
				GCC_WARN_UNINITIALIZED_AUTOS = YES_AGGRESSIVE;
				GCC_WARN_UNUSED_FUNCTION = YES;
				GCC_WARN_UNUSED_VARIABLE = YES;
				IPHONEOS_DEPLOYMENT_TARGET = 11.0;
				MTL_ENABLE_DEBUG_INFO = YES;
				ONLY_ACTIVE_ARCH = YES;
				SDKROOT = iphoneos;
				SWIFT_ACTIVE_COMPILATION_CONDITIONS = DEBUG;
				SWIFT_OPTIMIZATION_LEVEL = "-Onone";
			};
			name = Debug;
		};
		BA54AA9A1FA0F7CF002398B7 /* Release */ = {
			isa = XCBuildConfiguration;
			buildSettings = {
				ALWAYS_SEARCH_USER_PATHS = NO;
				CLANG_ANALYZER_NONNULL = YES;
				CLANG_ANALYZER_NUMBER_OBJECT_CONVERSION = YES_AGGRESSIVE;
				CLANG_CXX_LANGUAGE_STANDARD = "gnu++14";
				CLANG_CXX_LIBRARY = "libc++";
				CLANG_ENABLE_MODULES = YES;
				CLANG_ENABLE_OBJC_ARC = YES;
				CLANG_WARN_BLOCK_CAPTURE_AUTORELEASING = YES;
				CLANG_WARN_BOOL_CONVERSION = YES;
				CLANG_WARN_COMMA = YES;
				CLANG_WARN_CONSTANT_CONVERSION = YES;
				CLANG_WARN_DIRECT_OBJC_ISA_USAGE = YES_ERROR;
				CLANG_WARN_DOCUMENTATION_COMMENTS = YES;
				CLANG_WARN_EMPTY_BODY = YES;
				CLANG_WARN_ENUM_CONVERSION = YES;
				CLANG_WARN_INFINITE_RECURSION = YES;
				CLANG_WARN_INT_CONVERSION = YES;
				CLANG_WARN_NON_LITERAL_NULL_CONVERSION = YES;
				CLANG_WARN_OBJC_LITERAL_CONVERSION = YES;
				CLANG_WARN_OBJC_ROOT_CLASS = YES_ERROR;
				CLANG_WARN_RANGE_LOOP_ANALYSIS = YES;
				CLANG_WARN_STRICT_PROTOTYPES = YES;
				CLANG_WARN_SUSPICIOUS_MOVE = YES;
				CLANG_WARN_UNGUARDED_AVAILABILITY = YES_AGGRESSIVE;
				CLANG_WARN_UNREACHABLE_CODE = YES;
				CLANG_WARN__DUPLICATE_METHOD_MATCH = YES;
				CODE_SIGN_IDENTITY = "iPhone Developer";
				COPY_PHASE_STRIP = NO;
				DEBUG_INFORMATION_FORMAT = "dwarf-with-dsym";
				ENABLE_NS_ASSERTIONS = NO;
				ENABLE_STRICT_OBJC_MSGSEND = YES;
				GCC_C_LANGUAGE_STANDARD = gnu11;
				GCC_NO_COMMON_BLOCKS = YES;
				GCC_WARN_64_TO_32_BIT_CONVERSION = YES;
				GCC_WARN_ABOUT_RETURN_TYPE = YES_ERROR;
				GCC_WARN_UNDECLARED_SELECTOR = YES;
				GCC_WARN_UNINITIALIZED_AUTOS = YES_AGGRESSIVE;
				GCC_WARN_UNUSED_FUNCTION = YES;
				GCC_WARN_UNUSED_VARIABLE = YES;
				IPHONEOS_DEPLOYMENT_TARGET = 11.0;
				MTL_ENABLE_DEBUG_INFO = NO;
				SDKROOT = iphoneos;
				SWIFT_OPTIMIZATION_LEVEL = "-Owholemodule";
				VALIDATE_PRODUCT = YES;
			};
			name = Release;
		};
		BA54AA9C1FA0F7CF002398B7 /* Debug */ = {
			isa = XCBuildConfiguration;
			buildSettings = {
				ASSETCATALOG_COMPILER_APPICON_NAME = AppIcon;
				CODE_SIGN_STYLE = Automatic;
				DEVELOPMENT_TEAM = MN5S8CDSSL;
				INFOPLIST_FILE = Team_Dave_Remote_Control_App_v2.0/Info.plist;
				IPHONEOS_DEPLOYMENT_TARGET = 9.3;
				LD_RUNPATH_SEARCH_PATHS = "$(inherited) @executable_path/Frameworks";
				PRODUCT_BUNDLE_IDENTIFIER = "Students-6811.Team-Dave-Remote-Control-App-v2-0";
				PRODUCT_NAME = "$(TARGET_NAME)";
				SWIFT_VERSION = 4.0;
				TARGETED_DEVICE_FAMILY = "1,2";
			};
			name = Debug;
		};
		BA54AA9D1FA0F7CF002398B7 /* Release */ = {
			isa = XCBuildConfiguration;
			buildSettings = {
				ASSETCATALOG_COMPILER_APPICON_NAME = AppIcon;
				CODE_SIGN_STYLE = Automatic;
				DEVELOPMENT_TEAM = MN5S8CDSSL;
				INFOPLIST_FILE = Team_Dave_Remote_Control_App_v2.0/Info.plist;
				IPHONEOS_DEPLOYMENT_TARGET = 9.3;
				LD_RUNPATH_SEARCH_PATHS = "$(inherited) @executable_path/Frameworks";
				PRODUCT_BUNDLE_IDENTIFIER = "Students-6811.Team-Dave-Remote-Control-App-v2-0";
				PRODUCT_NAME = "$(TARGET_NAME)";
				SWIFT_VERSION = 4.0;
				TARGETED_DEVICE_FAMILY = "1,2";
			};
			name = Release;
		};
		BA54AA9F1FA0F7CF002398B7 /* Debug */ = {
			isa = XCBuildConfiguration;
			buildSettings = {
				ALWAYS_EMBED_SWIFT_STANDARD_LIBRARIES = YES;
				BUNDLE_LOADER = "$(TEST_HOST)";
				CODE_SIGN_STYLE = Automatic;
				INFOPLIST_FILE = Team_Dave_Remote_Control_App_v2.0Tests/Info.plist;
				LD_RUNPATH_SEARCH_PATHS = "$(inherited) @executable_path/Frameworks @loader_path/Frameworks";
				PRODUCT_BUNDLE_IDENTIFIER = "Students-6811.Team-Dave-Remote-Control-App-v2-0Tests";
				PRODUCT_NAME = "$(TARGET_NAME)";
				SWIFT_VERSION = 4.0;
				TARGETED_DEVICE_FAMILY = "1,2";
				TEST_HOST = "$(BUILT_PRODUCTS_DIR)/Team_Dave_Remote_Control_App_v2.0.app/Team_Dave_Remote_Control_App_v2.0";
			};
			name = Debug;
		};
		BA54AAA01FA0F7CF002398B7 /* Release */ = {
			isa = XCBuildConfiguration;
			buildSettings = {
				ALWAYS_EMBED_SWIFT_STANDARD_LIBRARIES = YES;
				BUNDLE_LOADER = "$(TEST_HOST)";
				CODE_SIGN_STYLE = Automatic;
				INFOPLIST_FILE = Team_Dave_Remote_Control_App_v2.0Tests/Info.plist;
				LD_RUNPATH_SEARCH_PATHS = "$(inherited) @executable_path/Frameworks @loader_path/Frameworks";
				PRODUCT_BUNDLE_IDENTIFIER = "Students-6811.Team-Dave-Remote-Control-App-v2-0Tests";
				PRODUCT_NAME = "$(TARGET_NAME)";
				SWIFT_VERSION = 4.0;
				TARGETED_DEVICE_FAMILY = "1,2";
				TEST_HOST = "$(BUILT_PRODUCTS_DIR)/Team_Dave_Remote_Control_App_v2.0.app/Team_Dave_Remote_Control_App_v2.0";
			};
			name = Release;
		};
		BA54AAA21FA0F7CF002398B7 /* Debug */ = {
			isa = XCBuildConfiguration;
			buildSettings = {
				ALWAYS_EMBED_SWIFT_STANDARD_LIBRARIES = YES;
				CODE_SIGN_STYLE = Automatic;
				INFOPLIST_FILE = Team_Dave_Remote_Control_App_v2.0UITests/Info.plist;
				LD_RUNPATH_SEARCH_PATHS = "$(inherited) @executable_path/Frameworks @loader_path/Frameworks";
				PRODUCT_BUNDLE_IDENTIFIER = "Students-6811.Team-Dave-Remote-Control-App-v2-0UITests";
				PRODUCT_NAME = "$(TARGET_NAME)";
				SWIFT_VERSION = 4.0;
				TARGETED_DEVICE_FAMILY = "1,2";
				TEST_TARGET_NAME = Team_Dave_Remote_Control_App_v2.0;
			};
			name = Debug;
		};
		BA54AAA31FA0F7CF002398B7 /* Release */ = {
			isa = XCBuildConfiguration;
			buildSettings = {
				ALWAYS_EMBED_SWIFT_STANDARD_LIBRARIES = YES;
				CODE_SIGN_STYLE = Automatic;
				INFOPLIST_FILE = Team_Dave_Remote_Control_App_v2.0UITests/Info.plist;
				LD_RUNPATH_SEARCH_PATHS = "$(inherited) @executable_path/Frameworks @loader_path/Frameworks";
				PRODUCT_BUNDLE_IDENTIFIER = "Students-6811.Team-Dave-Remote-Control-App-v2-0UITests";
				PRODUCT_NAME = "$(TARGET_NAME)";
				SWIFT_VERSION = 4.0;
				TARGETED_DEVICE_FAMILY = "1,2";
				TEST_TARGET_NAME = Team_Dave_Remote_Control_App_v2.0;
			};
			name = Release;
		};
/* End XCBuildConfiguration section */

/* Begin XCConfigurationList section */
		BA54AA6E1FA0F7CF002398B7 /* Build configuration list for PBXProject "Team_Dave_Remote_Control_App_v2.0" */ = {
			isa = XCConfigurationList;
			buildConfigurations = (
				BA54AA991FA0F7CF002398B7 /* Debug */,
				BA54AA9A1FA0F7CF002398B7 /* Release */,
			);
			defaultConfigurationIsVisible = 0;
			defaultConfigurationName = Release;
		};
		BA54AA9B1FA0F7CF002398B7 /* Build configuration list for PBXNativeTarget "Team_Dave_Remote_Control_App_v2.0" */ = {
			isa = XCConfigurationList;
			buildConfigurations = (
				BA54AA9C1FA0F7CF002398B7 /* Debug */,
				BA54AA9D1FA0F7CF002398B7 /* Release */,
			);
			defaultConfigurationIsVisible = 0;
			defaultConfigurationName = Release;
		};
		BA54AA9E1FA0F7CF002398B7 /* Build configuration list for PBXNativeTarget "Team_Dave_Remote_Control_App_v2.0Tests" */ = {
			isa = XCConfigurationList;
			buildConfigurations = (
				BA54AA9F1FA0F7CF002398B7 /* Debug */,
				BA54AAA01FA0F7CF002398B7 /* Release */,
			);
			defaultConfigurationIsVisible = 0;
			defaultConfigurationName = Release;
		};
		BA54AAA11FA0F7CF002398B7 /* Build configuration list for PBXNativeTarget "Team_Dave_Remote_Control_App_v2.0UITests" */ = {
			isa = XCConfigurationList;
			buildConfigurations = (
				BA54AAA21FA0F7CF002398B7 /* Debug */,
				BA54AAA31FA0F7CF002398B7 /* Release */,
			);
			defaultConfigurationIsVisible = 0;
			defaultConfigurationName = Release;
		};
/* End XCConfigurationList section */
	};
	rootObject = BA54AA6B1FA0F7CF002398B7 /* Project object */;
}
